
Microsoft Visual Studio Solution File, Format Version 12.00
Project("{FAE04EC0-301F-11D3-BF4B-00C04F79EFBC}") = "FaceRecognitionRepro", "FaceRecognitionRepro.csproj", "{0E8E2ECD-968C-4BAD-B9B5-DE502901E38C}"
EndProject
Global
	GlobalSection(SolutionConfigurationPlatforms) = preSolution
		Debug|Any CPU = Debug|Any CPU
		Release|Any CPU = Release|Any CPU
	EndGlobalSection
	GlobalSection(ProjectConfigurationPlatforms) = postSolution
		{0E8E2ECD-968C-4BAD-B9B5-DE502901E38C}.Debug|Any CPU.ActiveCfg = Debug|Any CPU
		{0E8E2ECD-968C-4BAD-B9B5-DE502901E38C}.Debug|Any CPU.Build.0 = Debug|Any CPU
		{0E8E2ECD-968C-4BAD-B9B5-DE502901E38C}.Release|Any CPU.ActiveCfg = Release|Any CPU
		{0E8E2ECD-968C-4BAD-B9B5-DE502901E38C}.Release|Any CPU.Build.0 = Release|Any CPU
	EndGlobalSection
EndGlobal
